
Microsoft Visual Studio Solution File, Format Version 12.00
# Visual Studio Version 16
VisualStudioVersion = 16.0.29326.143
MinimumVisualStudioVersion = 10.0.40219.1
Project("{FAE04EC0-301F-11D3-BF4B-00C04F79EFBC}") = "HashingWithStringKeys", "HashingWithStringKeys\HashingWithStringKeys.csproj", "{01FFC5AE-C819-45F1-A345-BE7612163DDF}"
EndProject
Global
	GlobalSection(SolutionConfigurationPlatforms) = preSolution
		Debug|Any CPU = Debug|Any CPU
		Release|Any CPU = Release|Any CPU
	EndGlobalSection
	GlobalSection(ProjectConfigurationPlatforms) = postSolution
		{01FFC5AE-C819-45F1-A345-BE7612163DDF}.Debug|Any CPU.ActiveCfg = Debug|Any CPU
		{01FFC5AE-C819-45F1-A345-BE7612163DDF}.Debug|Any CPU.Build.0 = Debug|Any CPU
		{01FFC5AE-C819-45F1-A345-BE7612163DDF}.Release|Any CPU.ActiveCfg = Release|Any CPU
		{01FFC5AE-C819-45F1-A345-BE7612163DDF}.Release|Any CPU.Build.0 = Release|Any CPU
	EndGlobalSection
	GlobalSection(SolutionProperties) = preSolution
		HideSolutionNode = FALSE
	EndGlobalSection
	GlobalSection(ExtensibilityGlobals) = postSolution
		SolutionGuid = {D342D07D-FF99-4ACE-AD21-3281D44F56CE}
	EndGlobalSection
EndGlobal
